
Microsoft Visual Studio Solution File, Format Version 12.00
# Visual Studio Version 17
VisualStudioVersion = 17.11.35327.3
MinimumVisualStudioVersion = 10.0.40219.1
Project("{FAE04EC0-301F-11D3-BF4B-00C04F79EFBC}") = "RandevuSistemi", "RandevuSistemi\RandevuSistemi.csproj", "{49AF7AD2-CBEB-4A61-87B6-B006119D54B6}"
EndProject
Global
	GlobalSection(SolutionConfigurationPlatforms) = preSolution
		Debug|Any CPU = Debug|Any CPU
		Release|Any CPU = Release|Any CPU
	EndGlobalSection
	GlobalSection(ProjectConfigurationPlatforms) = postSolution
		{49AF7AD2-CBEB-4A61-87B6-B006119D54B6}.Debug|Any CPU.ActiveCfg = Debug|Any CPU
		{49AF7AD2-CBEB-4A61-87B6-B006119D54B6}.Debug|Any CPU.Build.0 = Debug|Any CPU
		{49AF7AD2-CBEB-4A61-87B6-B006119D54B6}.Release|Any CPU.ActiveCfg = Release|Any CPU
		{49AF7AD2-CBEB-4A61-87B6-B006119D54B6}.Release|Any CPU.Build.0 = Release|Any CPU
	EndGlobalSection
	GlobalSection(SolutionProperties) = preSolution
		HideSolutionNode = FALSE
	EndGlobalSection
	GlobalSection(ExtensibilityGlobals) = postSolution
		SolutionGuid = {4F683D03-206F-4391-9BF5-A0BEC5CB9DBB}
	EndGlobalSection
EndGlobal
